// !$*UTF8*$!
{
	archiveVersion = 1;
	classes = {
	};
	objectVersion = 77;
	objects = {

/* Begin PBXBuildFile section */
		4DE959142E507F0000ECB2FB /* LaplasianShareExtension.appex in Embed Foundation Extensions */ = {isa = PBXBuildFile; fileRef = 4DE9590B2E507F0000ECB2FB /* LaplasianShareExtension.appex */; settings = {ATTRIBUTES = (RemoveHeadersOnCopy, ); }; };
		4DE959172E507F0000ECB2FB /* ShareViewController.swift in Sources */ = {isa = PBXBuildFile; fileRef = 4DE9590D2E507F0000ECB2FB /* ShareViewController.swift */; };
		4DE959182E507F0000ECB2FB /* MainInterface.storyboard in Resources */ = {isa = PBXBuildFile; fileRef = 4DE9590F2E507F0000ECB2FB /* MainInterface.storyboard */; };
/* End PBXBuildFile section */

/* Begin PBXContainerItemProxy section */
		4DE958EF2E507EEC00ECB2FB /* PBXContainerItemProxy */ = {
			isa = PBXContainerItemProxy;
			containerPortal = 4DE958D72E507EEB00ECB2FB /* Project object */;
			proxyType = 1;
			remoteGlobalIDString = 4DE958DE2E507EEB00ECB2FB;
			remoteInfo = Laplasian;
		};
		4DE958F92E507EEC00ECB2FB /* PBXContainerItemProxy */ = {
			isa = PBXContainerItemProxy;
			containerPortal = 4DE958D72E507EEB00ECB2FB /* Project object */;
			proxyType = 1;
			remoteGlobalIDString = 4DE958DE2E507EEB00ECB2FB;
			remoteInfo = Laplasian;
		};
		4DE959192E507F0000ECB2FB /* PBXContainerItemProxy */ = {
			isa = PBXContainerItemProxy;
			containerPortal = 4DE958D72E507EEB00ECB2FB /* Project object */;
			proxyType = 1;
			remoteGlobalIDString = 4DE9590A2E507F0000ECB2FB;
			remoteInfo = LaplasianShareExtension;
		};
/* End PBXContainerItemProxy section */

/* Begin PBXCopyFilesBuildPhase section */
		4DE959132E507F0000ECB2FB /* Embed Foundation Extensions */ = {
			isa = PBXCopyFilesBuildPhase;
			buildActionMask = 2147483647;
			dstPath = "";
			dstSubfolderSpec = 13;
			files = (
				4DE959142E507F0000ECB2FB /* LaplasianShareExtension.appex in Embed Foundation Extensions */,
			);
			name = "Embed Foundation Extensions";
			runOnlyForDeploymentPostprocessing = 0;
		};
/* End PBXCopyFilesBuildPhase section */

/* Begin PBXFileReference section */
		4DE958DF2E507EEB00ECB2FB /* Laplasian.app */ = {isa = PBXFileReference; explicitFileType = wrapper.application; includeInIndex = 0; path = Laplasian.app; sourceTree = BUILT_PRODUCTS_DIR; };
		4DE958EE2E507EEC00ECB2FB /* LaplasianTests.xctest */ = {isa = PBXFileReference; explicitFileType = wrapper.cfbundle; includeInIndex = 0; path = LaplasianTests.xctest; sourceTree = BUILT_PRODUCTS_DIR; };
		4DE958F82E507EEC00ECB2FB /* LaplasianUITests.xctest */ = {isa = PBXFileReference; explicitFileType = wrapper.cfbundle; includeInIndex = 0; path = LaplasianUITests.xctest; sourceTree = BUILT_PRODUCTS_DIR; };
		4DE9590B2E507F0000ECB2FB /* LaplasianShareExtension.appex */ = {isa = PBXFileReference; explicitFileType = "wrapper.app-extension"; includeInIndex = 0; path = LaplasianShareExtension.appex; sourceTree = BUILT_PRODUCTS_DIR; };
		4DE9590D2E507F0000ECB2FB /* ShareViewController.swift */ = {isa = PBXFileReference; lastKnownFileType = sourcecode.swift; path = ShareViewController.swift; sourceTree = "<group>"; };
		4DE9590F2E507F0000ECB2FB /* MainInterface.storyboard */ = {isa = PBXFileReference; lastKnownFileType = file.storyboard; path = MainInterface.storyboard; sourceTree = "<group>"; };
		4DE959112E507F0000ECB2FB /* Info.plist */ = {isa = PBXFileReference; lastKnownFileType = text.plist.xml; path = Info.plist; sourceTree = "<group>"; };
		4DE959122E507F0000ECB2FB /* LaplasianShareExtension.entitlements */ = {isa = PBXFileReference; lastKnownFileType = text.plist.entitlements; path = LaplasianShareExtension.entitlements; sourceTree = "<group>"; };
/* End PBXFileReference section */

/* Begin PBXFileSystemSynchronizedRootGroup section */
		4DE958E12E507EEB00ECB2FB /* Laplasian */ = {
			isa = PBXFileSystemSynchronizedRootGroup;
			path = Laplasian;
			sourceTree = "<group>";
		};
		4DE958F12E507EEC00ECB2FB /* LaplasianTests */ = {
			isa = PBXFileSystemSynchronizedRootGroup;
			path = LaplasianTests;
			sourceTree = "<group>";
		};
		4DE958FB2E507EEC00ECB2FB /* LaplasianUITests */ = {
			isa = PBXFileSystemSynchronizedRootGroup;
			path = LaplasianUITests;
			sourceTree = "<group>";
		};
/* End PBXFileSystemSynchronizedRootGroup section */

/* Begin PBXFrameworksBuildPhase section */
		4DE958DC2E507EEB00ECB2FB /* Frameworks */ = {
			isa = PBXFrameworksBuildPhase;
			buildActionMask = 2147483647;
			files = (
			);
			runOnlyForDeploymentPostprocessing = 0;
		};
		4DE958EB2E507EEC00ECB2FB /* Frameworks */ = {
			isa = PBXFrameworksBuildPhase;
			buildActionMask = 2147483647;
			files = (
			);
			runOnlyForDeploymentPostprocessing = 0;
		};
		4DE958F52E507EEC00ECB2FB /* Frameworks */ = {
			isa = PBXFrameworksBuildPhase;
			buildActionMask = 2147483647;
			files = (
			);
			runOnlyForDeploymentPostprocessing = 0;
		};
		4DE959082E507F0000ECB2FB /* Frameworks */ = {
			isa = PBXFrameworksBuildPhase;
			buildActionMask = 2147483647;
			files = (
			);
			runOnlyForDeploymentPostprocessing = 0;
		};
/* End PBXFrameworksBuildPhase section */

/* Begin PBXGroup section */
		4DE958D62E507EEB00ECB2FB = {
			isa = PBXGroup;
			children = (
				4DE958E12E507EEB00ECB2FB /* Laplasian */,
				4DE9590C2E507F0000ECB2FB /* LaplasianShareExtension */,
				4DE958F12E507EEC00ECB2FB /* LaplasianTests */,
				4DE958FB2E507EEC00ECB2FB /* LaplasianUITests */,
				4DE958E02E507EEB00ECB2FB /* Products */,
			);
			sourceTree = "<group>";
		};
		4DE958E02E507EEB00ECB2FB /* Products */ = {
			isa = PBXGroup;
			children = (
				4DE958DF2E507EEB00ECB2FB /* Laplasian.app */,
				4DE958EE2E507EEC00ECB2FB /* LaplasianTests.xctest */,
				4DE958F82E507EEC00ECB2FB /* LaplasianUITests.xctest */,
				4DE9590B2E507F0000ECB2FB /* LaplasianShareExtension.appex */,
			);
			name = Products;
			sourceTree = "<group>";
		};
		4DE9590C2E507F0000ECB2FB /* LaplasianShareExtension */ = {
			isa = PBXGroup;
			children = (
				4DE9590D2E507F0000ECB2FB /* ShareViewController.swift */,
				4DE9590F2E507F0000ECB2FB /* MainInterface.storyboard */,
				4DE959112E507F0000ECB2FB /* Info.plist */,
				4DE959122E507F0000ECB2FB /* LaplasianShareExtension.entitlements */,
			);
			path = LaplasianShareExtension;
			sourceTree = "<group>";
		};
/* End PBXGroup section */

/* Begin PBXNativeTarget section */
		4DE958DE2E507EEB00ECB2FB /* Laplasian */ = {
			isa = PBXNativeTarget;
			buildConfigurationList = 4DE959022E507EEC00ECB2FB /* Build configuration list for PBXNativeTarget "Laplasian" */;
			buildPhases = (
				4DE958DB2E507EEB00ECB2FB /* Sources */,
				4DE958DC2E507EEB00ECB2FB /* Frameworks */,
				4DE958DD2E507EEB00ECB2FB /* Resources */,
				4DE959132E507F0000ECB2FB /* Embed Foundation Extensions */,
			);
			buildRules = (
			);
			dependencies = (
				4DE959152E507F0000ECB2FB /* PBXTargetDependency */,
			);
			fileSystemSynchronizedGroups = (
				4DE958E12E507EEB00ECB2FB /* Laplasian */,
			);
			name = Laplasian;
			packageProductDependencies = (
			);
			productName = Laplasian;
			productReference = 4DE958DF2E507EEB00ECB2FB /* Laplasian.app */;
			productType = "com.apple.product-type.application";
		};
		4DE958ED2E507EEC00ECB2FB /* LaplasianTests */ = {
			isa = PBXNativeTarget;
			buildConfigurationList = 4DE959052E507EEC00ECB2FB /* Build configuration list for PBXNativeTarget "LaplasianTests" */;
			buildPhases = (
				4DE958EA2E507EEC00ECB2FB /* Sources */,
				4DE958EB2E507EEC00ECB2FB /* Frameworks */,
				4DE958EC2E507EEC00ECB2FB /* Resources */,
			);
			buildRules = (
			);
			dependencies = (
				4DE958F02E507EEC00ECB2FB /* PBXTargetDependency */,
			);
			fileSystemSynchronizedGroups = (
				4DE958F12E507EEC00ECB2FB /* LaplasianTests */,
			);
			name = LaplasianTests;
			packageProductDependencies = (
			);
			productName = LaplasianTests;
			productReference = 4DE958EE2E507EEC00ECB2FB /* LaplasianTests.xctest */;
			productType = "com.apple.product-type.bundle.unit-test";
		};
		4DE958F72E507EEC00ECB2FB /* LaplasianUITests */ = {
			isa = PBXNativeTarget;
			buildConfigurationList = 4DE959082E507EEC00ECB2FB /* Build configuration list for PBXNativeTarget "LaplasianUITests" */;
			buildPhases = (
				4DE958F42E507EEC00ECB2FB /* Sources */,
				4DE958F52E507EEC00ECB2FB /* Frameworks */,
				4DE958F62E507EEC00ECB2FB /* Resources */,
			);
			buildRules = (
			);
			dependencies = (
				4DE958FA2E507EEC00ECB2FB /* PBXTargetDependency */,
			);
			fileSystemSynchronizedGroups = (
				4DE958FB2E507EEC00ECB2FB /* LaplasianUITests */,
			);
			name = LaplasianUITests;
			packageProductDependencies = (
			);
			productName = LaplasianUITests;
			productReference = 4DE958F82E507EEC00ECB2FB /* LaplasianUITests.xctest */;
			productType = "com.apple.product-type.bundle.ui-testing";
		};
		4DE9590A2E507F0000ECB2FB /* LaplasianShareExtension */ = {
			isa = PBXNativeTarget;
			buildConfigurationList = 4DE959162E507F0000ECB2FB /* Build configuration list for PBXNativeTarget "LaplasianShareExtension" */;
			buildPhases = (
				4DE959072E507F0000ECB2FB /* Sources */,
				4DE959082E507F0000ECB2FB /* Frameworks */,
				4DE959092E507F0000ECB2FB /* Resources */,
			);
			buildRules = (
			);
			dependencies = (
			);
			name = LaplasianShareExtension;
			packageProductDependencies = (
			);
			productName = LaplasianShareExtension;
			productReference = 4DE9590B2E507F0000ECB2FB /* LaplasianShareExtension.appex */;
			productType = "com.apple.product-type.app-extension";
		};
/* End PBXNativeTarget section */

/* Begin PBXProject section */
		4DE958D72E507EEB00ECB2FB /* Project object */ = {
			isa = PBXProject;
			attributes = {
				BuildIndependentTargetsInParallel = 1;
				LastSwiftUpdateCheck = 1640;
				LastUpgradeCheck = 1640;
				TargetAttributes = {
					4DE958DE2E507EEB00ECB2FB = {
						CreatedOnToolsVersion = 16.4;
					};
					4DE958ED2E507EEC00ECB2FB = {
						CreatedOnToolsVersion = 16.4;
						TestTargetID = 4DE958DE2E507EEB00ECB2FB;
					};
					4DE958F72E507EEC00ECB2FB = {
						CreatedOnToolsVersion = 16.4;
						TestTargetID = 4DE958DE2E507EEB00ECB2FB;
					};
				};
			};
			buildConfigurationList = 4DE958DA2E507EEB00ECB2FB /* Build configuration list for PBXProject "Laplasian" */;
			developmentRegion = en;
			hasScannedForEncodings = 0;
			knownRegions = (
				en,
				Base,
			);
			mainGroup = 4DE958D62E507EEB00ECB2FB;
			minimizedProjectReferenceProxies = 1;
			preferredProjectObjectVersion = 77;
			productRefGroup = 4DE958E02E507EEB00ECB2FB /* Products */;
			projectDirPath = "";
			projectRoot = "";
			targets = (
				4DE958DE2E507EEB00ECB2FB /* Laplasian */,
				4DE9590A2E507F0000ECB2FB /* LaplasianShareExtension */,
				4DE958ED2E507EEC00ECB2FB /* LaplasianTests */,
				4DE958F72E507EEC00ECB2FB /* LaplasianUITests */,
			);
		};
/* End PBXProject section */

/* Begin PBXResourcesBuildPhase section */
		4DE958DD2E507EEB00ECB2FB /* Resources */ = {
			isa = PBXResourcesBuildPhase;
			buildActionMask = 2147483647;
			files = (
			);
			runOnlyForDeploymentPostprocessing = 0;
		};
		4DE958EC2E507EEC00ECB2FB /* Resources */ = {
			isa = PBXResourcesBuildPhase;
			buildActionMask = 2147483647;
			files = (
			);
			runOnlyForDeploymentPostprocessing = 0;
		};
		4DE958F62E507EEC00ECB2FB /* Resources */ = {
			isa = PBXResourcesBuildPhase;
			buildActionMask = 2147483647;
			files = (
			);
			runOnlyForDeploymentPostprocessing = 0;
		};
		4DE959092E507F0000ECB2FB /* Resources */ = {
			isa = PBXResourcesBuildPhase;
			buildActionMask = 2147483647;
			files = (
				4DE959182E507F0000ECB2FB /* MainInterface.storyboard in Resources */,
			);
			runOnlyForDeploymentPostprocessing = 0;
		};
/* End PBXResourcesBuildPhase section */

/* Begin PBXSourcesBuildPhase section */
		4DE958DB2E507EEB00ECB2FB /* Sources */ = {
			isa = PBXSourcesBuildPhase;
			buildActionMask = 2147483647;
			files = (
			);
			runOnlyForDeploymentPostprocessing = 0;
		};
		4DE958EA2E507EEC00ECB2FB /* Sources */ = {
			isa = PBXSourcesBuildPhase;
			buildActionMask = 2147483647;
			files = (
			);
			runOnlyForDeploymentPostprocessing = 0;
		};
		4DE958F42E507EEC00ECB2FB /* Sources */ = {
			isa = PBXSourcesBuildPhase;
			buildActionMask = 2147483647;
			files = (
			);
			runOnlyForDeploymentPostprocessing = 0;
		};
		4DE959072E507F0000ECB2FB /* Sources */ = {
			isa = PBXSourcesBuildPhase;
			buildActionMask = 2147483647;
			files = (
				4DE959172E507F0000ECB2FB /* ShareViewController.swift in Sources */,
			);
			runOnlyForDeploymentPostprocessing = 0;
		};
/* End PBXSourcesBuildPhase section */

/* Begin PBXTargetDependency section */
		4DE958F02E507EEC00ECB2FB /* PBXTargetDependency */ = {
			isa = PBXTargetDependency;
			target = 4DE958DE2E507EEB00ECB2FB /* Laplasian */;
			targetProxy = 4DE958EF2E507EEC00ECB2FB /* PBXContainerItemProxy */;
		};
		4DE958FA2E507EEC00ECB2FB /* PBXTargetDependency */ = {
			isa = PBXTargetDependency;
			target = 4DE958DE2E507EEB00ECB2FB /* Laplasian */;
			targetProxy = 4DE958F92E507EEC00ECB2FB /* PBXContainerItemProxy */;
		};
		4DE959152E507F0000ECB2FB /* PBXTargetDependency */ = {
			isa = PBXTargetDependency;
			target = 4DE9590A2E507F0000ECB2FB /* LaplasianShareExtension */;
			targetProxy = 4DE959192E507F0000ECB2FB /* PBXContainerItemProxy */;
		};
/* End PBXTargetDependency section */

/* Begin XCBuildConfiguration section */
		4DE959002E507EEC00ECB2FB /* Debug */ = {
			isa = XCBuildConfiguration;
			buildSettings = {
				ALWAYS_SEARCH_USER_PATHS = NO;
				ASSETCATALOG_COMPILER_GENERATE_SWIFT_ASSET_SYMBOL_EXTENSIONS = YES;
				CLANG_ANALYZER_NONNULL = YES;
				CLANG_ANALYZER_NUMBER_OBJECT_CONVERSION = YES_AGGRESSIVE;
				CLANG_CXX_LANGUAGE_STANDARD = "gnu++20";
				CLANG_ENABLE_MODULES = YES;
				CLANG_ENABLE_OBJC_ARC = YES;
				CLANG_ENABLE_OBJC_WEAK = YES;
				CLANG_WARN_BLOCK_CAPTURE_AUTORELEASING = YES;
				CLANG_WARN_BOOL_CONVERSION = YES;
				CLANG_WARN_COMMA = YES;
				CLANG_WARN_CONSTANT_CONVERSION = YES;
				CLANG_WARN_DEPRECATED_OBJC_IMPLEMENTATIONS = YES;
				CLANG_WARN_DIRECT_OBJC_ISA_USAGE = YES_ERROR;
				CLANG_WARN_DOCUMENTATION_COMMENTS = YES;
				CLANG_WARN_EMPTY_BODY = YES;
				CLANG_WARN_ENUM_CONVERSION = YES;
				CLANG_WARN_INFINITE_RECURSION = YES;
				CLANG_WARN_INT_CONVERSION = YES;
				CLANG_WARN_NON_LITERAL_NULL_CONVERSION = YES;
				CLANG_WARN_OBJC_IMPLICIT_RETAIN_SELF = YES;
				CLANG_WARN_OBJC_LITERAL_CONVERSION = YES;
				CLANG_WARN_OBJC_ROOT_CLASS = YES_ERROR;
				CLANG_WARN_QUOTED_INCLUDE_IN_FRAMEWORK_HEADER = YES;
				CLANG_WARN_RANGE_LOOP_ANALYSIS = YES;
				CLANG_WARN_STRICT_PROTOTYPES = YES;
				CLANG_WARN_SUSPICIOUS_MOVE = YES;
				CLANG_WARN_UNGUARDED_AVAILABILITY = YES_AGGRESSIVE;
				CLANG_WARN_UNREACHABLE_CODE = YES;
				CLANG_WARN__DUPLICATE_METHOD_MATCH = YES;
				COPY_PHASE_STRIP = NO;
				DEBUG_INFORMATION_FORMAT = dwarf;
				DEVELOPMENT_TEAM = 2JL868AT85;
				ENABLE_STRICT_OBJC_MSGSEND = YES;
				ENABLE_TESTABILITY = YES;
				ENABLE_USER_SCRIPT_SANDBOXING = YES;
				GCC_C_LANGUAGE_STANDARD = gnu17;
				GCC_DYNAMIC_NO_PIC = NO;
				GCC_NO_COMMON_BLOCKS = YES;
				GCC_OPTIMIZATION_LEVEL = 0;
				GCC_PREPROCESSOR_DEFINITIONS = (
					"DEBUG=1",
					"$(inherited)",
				);
				GCC_WARN_64_TO_32_BIT_CONVERSION = YES;
				GCC_WARN_ABOUT_RETURN_TYPE = YES_ERROR;
				GCC_WARN_UNDECLARED_SELECTOR = YES;
				GCC_WARN_UNINITIALIZED_AUTOS = YES_AGGRESSIVE;
				GCC_WARN_UNUSED_FUNCTION = YES;
				GCC_WARN_UNUSED_VARIABLE = YES;
				IPHONEOS_DEPLOYMENT_TARGET = 18.5;
				LOCALIZATION_PREFERS_STRING_CATALOGS = YES;
				MTL_ENABLE_DEBUG_INFO = INCLUDE_SOURCE;
				MTL_FAST_MATH = YES;
				ONLY_ACTIVE_ARCH = YES;
				SDKROOT = iphoneos;
				SWIFT_ACTIVE_COMPILATION_CONDITIONS = "DEBUG $(inherited)";
				SWIFT_OPTIMIZATION_LEVEL = "-Onone";
			};
			name = Debug;
		};
		4DE959012E507EEC00ECB2FB /* Release */ = {
			isa = XCBuildConfiguration;
			buildSettings = {
				ALWAYS_SEARCH_USER_PATHS = NO;
				ASSETCATALOG_COMPILER_GENERATE_SWIFT_ASSET_SYMBOL_EXTENSIONS = YES;
				CLANG_ANALYZER_NONNULL = YES;
				CLANG_ANALYZER_NUMBER_OBJECT_CONVERSION = YES_AGGRESSIVE;
				CLANG_CXX_LANGUAGE_STANDARD = "gnu++20";
				CLANG_ENABLE_MODULES = YES;
				CLANG_ENABLE_OBJC_ARC = YES;
				CLANG_ENABLE_OBJC_WEAK = YES;
				CLANG_WARN_BLOCK_CAPTURE_AUTORELEASING = YES;
				CLANG_WARN_BOOL_CONVERSION = YES;
				CLANG_WARN_COMMA = YES;
				CLANG_WARN_CONSTANT_CONVERSION = YES;
				CLANG_WARN_DEPRECATED_OBJC_IMPLEMENTATIONS = YES;
				CLANG_WARN_DIRECT_OBJC_ISA_USAGE = YES_ERROR;
				CLANG_WARN_DOCUMENTATION_COMMENTS = YES;
				CLANG_WARN_EMPTY_BODY = YES;
				CLANG_WARN_ENUM_CONVERSION = YES;
				CLANG_WARN_INFINITE_RECURSION = YES;
				CLANG_WARN_INT_CONVERSION = YES;
				CLANG_WARN_NON_LITERAL_NULL_CONVERSION = YES;
				CLANG_WARN_OBJC_IMPLICIT_RETAIN_SELF = YES;
				CLANG_WARN_OBJC_LITERAL_CONVERSION = YES;
				CLANG_WARN_OBJC_ROOT_CLASS = YES_ERROR;
				CLANG_WARN_QUOTED_INCLUDE_IN_FRAMEWORK_HEADER = YES;
				CLANG_WARN_RANGE_LOOP_ANALYSIS = YES;
				CLANG_WARN_STRICT_PROTOTYPES = YES;
				CLANG_WARN_SUSPICIOUS_MOVE = YES;
				CLANG_WARN_UNGUARDED_AVAILABILITY = YES_AGGRESSIVE;
				CLANG_WARN_UNREACHABLE_CODE = YES;
				CLANG_WARN__DUPLICATE_METHOD_MATCH = YES;
				COPY_PHASE_STRIP = NO;
				DEBUG_INFORMATION_FORMAT = "dwarf-with-dsym";
				DEVELOPMENT_TEAM = 2JL868AT85;
				ENABLE_NS_ASSERTIONS = NO;
				ENABLE_STRICT_OBJC_MSGSEND = YES;
				ENABLE_USER_SCRIPT_SANDBOXING = YES;
				GCC_C_LANGUAGE_STANDARD = gnu17;
				GCC_NO_COMMON_BLOCKS = YES;
				GCC_WARN_64_TO_32_BIT_CONVERSION = YES;
				GCC_WARN_ABOUT_RETURN_TYPE = YES_ERROR;
				GCC_WARN_UNDECLARED_SELECTOR = YES;
				GCC_WARN_UNINITIALIZED_AUTOS = YES_AGGRESSIVE;
				GCC_WARN_UNUSED_FUNCTION = YES;
				GCC_WARN_UNUSED_VARIABLE = YES;
				IPHONEOS_DEPLOYMENT_TARGET = 18.5;
				LOCALIZATION_PREFERS_STRING_CATALOGS = YES;
				MTL_ENABLE_DEBUG_INFO = NO;
				MTL_FAST_MATH = YES;
				SDKROOT = iphoneos;
				SWIFT_COMPILATION_MODE = wholemodule;
				VALIDATE_PRODUCT = YES;
			};
			name = Release;
		};
		4DE959032E507EEC00ECB2FB /* Debug */ = {
			isa = XCBuildConfiguration;
			buildSettings = {
				ASSETCATALOG_COMPILER_APPICON_NAME = AppIcon;
				ASSETCATALOG_COMPILER_GLOBAL_ACCENT_COLOR_NAME = AccentColor;
				CODE_SIGN_ENTITLEMENTS = Laplasian/Laplasian.entitlements;
				CODE_SIGN_STYLE = Automatic;
				CURRENT_PROJECT_VERSION = 1;
				DEVELOPMENT_TEAM = 2JL868AT85;
				ENABLE_PREVIEWS = YES;
				GENERATE_INFOPLIST_FILE = YES;
				INFOPLIST_KEY_UIApplicationSceneManifest_Generation = YES;
				INFOPLIST_KEY_UIApplicationSupportsIndirectInputEvents = YES;
				INFOPLIST_KEY_UILaunchScreen_Generation = YES;
				INFOPLIST_KEY_UISupportedInterfaceOrientations_iPad = "UIInterfaceOrientationPortrait UIInterfaceOrientationPortraitUpsideDown UIInterfaceOrientationLandscapeLeft UIInterfaceOrientationLandscapeRight";
				INFOPLIST_KEY_UISupportedInterfaceOrientations_iPhone = "UIInterfaceOrientationPortrait UIInterfaceOrientationLandscapeLeft UIInterfaceOrientationLandscapeRight";
				LD_RUNPATH_SEARCH_PATHS = (
					"$(inherited)",
					"@executable_path/Frameworks",
				);
				MARKETING_VERSION = 1.0;
				PRODUCT_BUNDLE_IDENTIFIER = operators.yayeandriy.Laplasian;
				PRODUCT_NAME = "$(TARGET_NAME)";
				SWIFT_EMIT_LOC_STRINGS = YES;
				SWIFT_VERSION = 5.0;
				TARGETED_DEVICE_FAMILY = "1,2";
			};
			name = Debug;
		};
		4DE959042E507EEC00ECB2FB /* Release */ = {
			isa = XCBuildConfiguration;
			buildSettings = {
				ASSETCATALOG_COMPILER_APPICON_NAME = AppIcon;
				ASSETCATALOG_COMPILER_GLOBAL_ACCENT_COLOR_NAME = AccentColor;
				CODE_SIGN_ENTITLEMENTS = Laplasian/Laplasian.entitlements;
				CODE_SIGN_STYLE = Automatic;
				CURRENT_PROJECT_VERSION = 1;
				DEVELOPMENT_TEAM = 2JL868AT85;
				ENABLE_PREVIEWS = YES;
				GENERATE_INFOPLIST_FILE = YES;
				INFOPLIST_KEY_UIApplicationSceneManifest_Generation = YES;
				INFOPLIST_KEY_UIApplicationSupportsIndirectInputEvents = YES;
				INFOPLIST_KEY_UILaunchScreen_Generation = YES;
				INFOPLIST_KEY_UISupportedInterfaceOrientations_iPad = "UIInterfaceOrientationPortrait UIInterfaceOrientationPortraitUpsideDown UIInterfaceOrientationLandscapeLeft UIInterfaceOrientationLandscapeRight";
				INFOPLIST_KEY_UISupportedInterfaceOrientations_iPhone = "UIInterfaceOrientationPortrait UIInterfaceOrientationLandscapeLeft UIInterfaceOrientationLandscapeRight";
				LD_RUNPATH_SEARCH_PATHS = (
					"$(inherited)",
					"@executable_path/Frameworks",
				);
				MARKETING_VERSION = 1.0;
				PRODUCT_BUNDLE_IDENTIFIER = operators.yayeandriy.Laplasian;
				PRODUCT_NAME = "$(TARGET_NAME)";
				SWIFT_EMIT_LOC_STRINGS = YES;
				SWIFT_VERSION = 5.0;
				TARGETED_DEVICE_FAMILY = "1,2";
			};
			name = Release;
		};
		4DE959062E507EEC00ECB2FB /* Debug */ = {
			isa = XCBuildConfiguration;
			buildSettings = {
				BUNDLE_LOADER = "$(TEST_HOST)";
				CODE_SIGN_STYLE = Automatic;
				CURRENT_PROJECT_VERSION = 1;
				DEVELOPMENT_TEAM = 2JL868AT85;
				GENERATE_INFOPLIST_FILE = YES;
				IPHONEOS_DEPLOYMENT_TARGET = 18.5;
				MARKETING_VERSION = 1.0;
				PRODUCT_BUNDLE_IDENTIFIER = operators.yayeandriy.LaplasianTests;
				PRODUCT_NAME = "$(TARGET_NAME)";
				SWIFT_EMIT_LOC_STRINGS = NO;
				SWIFT_VERSION = 5.0;
				TARGETED_DEVICE_FAMILY = "1,2";
				TEST_HOST = "$(BUILT_PRODUCTS_DIR)/Laplasian.app/$(BUNDLE_EXECUTABLE_FOLDER_PATH)/Laplasian";
			};
			name = Debug;
		};
		4DE959072E507EEC00ECB2FB /* Release */ = {
			isa = XCBuildConfiguration;
			buildSettings = {
				BUNDLE_LOADER = "$(TEST_HOST)";
				CODE_SIGN_STYLE = Automatic;
				CURRENT_PROJECT_VERSION = 1;
				DEVELOPMENT_TEAM = 2JL868AT85;
				GENERATE_INFOPLIST_FILE = YES;
				IPHONEOS_DEPLOYMENT_TARGET = 18.5;
				MARKETING_VERSION = 1.0;
				PRODUCT_BUNDLE_IDENTIFIER = operators.yayeandriy.LaplasianTests;
				PRODUCT_NAME = "$(TARGET_NAME)";
				SWIFT_EMIT_LOC_STRINGS = NO;
				SWIFT_VERSION = 5.0;
				TARGETED_DEVICE_FAMILY = "1,2";
				TEST_HOST = "$(BUILT_PRODUCTS_DIR)/Laplasian.app/$(BUNDLE_EXECUTABLE_FOLDER_PATH)/Laplasian";
			};
			name = Release;
		};
		4DE959092E507EEC00ECB2FB /* Debug */ = {
			isa = XCBuildConfiguration;
			buildSettings = {
				CODE_SIGN_STYLE = Automatic;
				CURRENT_PROJECT_VERSION = 1;
				DEVELOPMENT_TEAM = 2JL868AT85;
				GENERATE_INFOPLIST_FILE = YES;
				MARKETING_VERSION = 1.0;
				PRODUCT_BUNDLE_IDENTIFIER = operators.yayeandriy.LaplasianUITests;
				PRODUCT_NAME = "$(TARGET_NAME)";
				SWIFT_EMIT_LOC_STRINGS = NO;
				SWIFT_VERSION = 5.0;
				TARGETED_DEVICE_FAMILY = "1,2";
				TEST_TARGET_NAME = Laplasian;
			};
			name = Debug;
		};
		4DE9590A2E507EEC00ECB2FB /* Release */ = {
			isa = XCBuildConfiguration;
			buildSettings = {
				CODE_SIGN_STYLE = Automatic;
				CURRENT_PROJECT_VERSION = 1;
				DEVELOPMENT_TEAM = 2JL868AT85;
				GENERATE_INFOPLIST_FILE = YES;
				MARKETING_VERSION = 1.0;
				PRODUCT_BUNDLE_IDENTIFIER = operators.yayeandriy.LaplasianUITests;
				PRODUCT_NAME = "$(TARGET_NAME)";
				SWIFT_EMIT_LOC_STRINGS = NO;
				SWIFT_VERSION = 5.0;
				TARGETED_DEVICE_FAMILY = "1,2";
				TEST_TARGET_NAME = Laplasian;
			};
			name = Release;
		};
		4DE9591A2E507F0000ECB2FB /* Debug */ = {
			isa = XCBuildConfiguration;
			buildSettings = {
				CODE_SIGN_ENTITLEMENTS = LaplasianShareExtension/LaplasianShareExtension.entitlements;
				CODE_SIGN_STYLE = Automatic;
				CURRENT_PROJECT_VERSION = 1;
				DEVELOPMENT_TEAM = 2JL868AT85;
				GENERATE_INFOPLIST_FILE = NO;
				INFOPLIST_FILE = LaplasianShareExtension/Info.plist;
				IPHONEOS_DEPLOYMENT_TARGET = 18.5;
				LD_RUNPATH_SEARCH_PATHS = (
					"$(inherited)",
					"@executable_path/Frameworks",
					"@executable_path/../../Frameworks",
				);
				MARKETING_VERSION = 1.0;
				PRODUCT_BUNDLE_IDENTIFIER = operators.yayeandriy.Laplasian.LaplasianShareExtension;
				PRODUCT_NAME = "$(TARGET_NAME)";
				SKIP_INSTALL = YES;
				SWIFT_EMIT_LOC_STRINGS = YES;
				SWIFT_VERSION = 5.0;
				TARGETED_DEVICE_FAMILY = "1,2";
			};
			name = Debug;
		};
		4DE9591B2E507F0000ECB2FB /* Release */ = {
			isa = XCBuildConfiguration;
			buildSettings = {
				CODE_SIGN_ENTITLEMENTS = LaplasianShareExtension/LaplasianShareExtension.entitlements;
				CODE_SIGN_STYLE = Automatic;
				CURRENT_PROJECT_VERSION = 1;
				DEVELOPMENT_TEAM = 2JL868AT85;
				GENERATE_INFOPLIST_FILE = NO;
				INFOPLIST_FILE = LaplasianShareExtension/Info.plist;
				IPHONEOS_DEPLOYMENT_TARGET = 18.5;
				LD_RUNPATH_SEARCH_PATHS = (
					"$(inherited)",
					"@executable_path/Frameworks",
					"@executable_path/../../Frameworks",
				);
				MARKETING_VERSION = 1.0;
				PRODUCT_BUNDLE_IDENTIFIER = operators.yayeandriy.Laplasian.LaplasianShareExtension;
				PRODUCT_NAME = "$(TARGET_NAME)";
				SKIP_INSTALL = YES;
				SWIFT_EMIT_LOC_STRINGS = YES;
				SWIFT_VERSION = 5.0;
				TARGETED_DEVICE_FAMILY = "1,2";
			};
			name = Release;
		};
/* End XCBuildConfiguration section */

/* Begin XCConfigurationList section */
		4DE958DA2E507EEB00ECB2FB /* Build configuration list for PBXProject "Laplasian" */ = {
			isa = XCConfigurationList;
			buildConfigurations = (
				4DE959002E507EEC00ECB2FB /* Debug */,
				4DE959012E507EEC00ECB2FB /* Release */,
			);
			defaultConfigurationIsVisible = 0;
			defaultConfigurationName = Release;
		};
		4DE959022E507EEC00ECB2FB /* Build configuration list for PBXNativeTarget "Laplasian" */ = {
			isa = XCConfigurationList;
			buildConfigurations = (
				4DE959032E507EEC00ECB2FB /* Debug */,
				4DE959042E507EEC00ECB2FB /* Release */,
			);
			defaultConfigurationIsVisible = 0;
			defaultConfigurationName = Release;
		};
		4DE959052E507EEC00ECB2FB /* Build configuration list for PBXNativeTarget "LaplasianTests" */ = {
			isa = XCConfigurationList;
			buildConfigurations = (
				4DE959062E507EEC00ECB2FB /* Debug */,
				4DE959072E507EEC00ECB2FB /* Release */,
			);
			defaultConfigurationIsVisible = 0;
			defaultConfigurationName = Release;
		};
		4DE959082E507EEC00ECB2FB /* Build configuration list for PBXNativeTarget "LaplasianUITests" */ = {
			isa = XCConfigurationList;
			buildConfigurations = (
				4DE959092E507EEC00ECB2FB /* Debug */,
				4DE9590A2E507EEC00ECB2FB /* Release */,
			);
			defaultConfigurationIsVisible = 0;
			defaultConfigurationName = Release;
		};
		4DE959162E507F0000ECB2FB /* Build configuration list for PBXNativeTarget "LaplasianShareExtension" */ = {
			isa = XCConfigurationList;
			buildConfigurations = (
				4DE9591A2E507F0000ECB2FB /* Debug */,
				4DE9591B2E507F0000ECB2FB /* Release */,
			);
			defaultConfigurationIsVisible = 0;
			defaultConfigurationName = Release;
		};
/* End XCConfigurationList section */
	};
	rootObject = 4DE958D72E507EEB00ECB2FB /* Project object */;
}
